
Microsoft Visual Studio Solution File, Format Version 12.00
# Visual Studio Version 17
VisualStudioVersion = 17.0.31903.59
MinimumVisualStudioVersion = 10.0.40219.1
Project("{FAE04EC0-301F-11D3-BF4B-00C04F79EFBC}") = "JasperFx.StringExtensions", "src\JasperFx.StringExtensions\JasperFx.StringExtensions.csproj", "{009E1BE2-848C-4A77-A076-DD60E9ABC76C}"
EndProject
Project("{FAE04EC0-301F-11D3-BF4B-00C04F79EFBC}") = "JasperFx.StringExtensions.Tests", "src\JasperFx.StringExtensions.Tests\JasperFx.StringExtensions.Tests.csproj", "{91987B22-A49F-445D-B7A0-02515E124FB5}"
EndProject
Global
	GlobalSection(SolutionConfigurationPlatforms) = preSolution
		Debug|Any CPU = Debug|Any CPU
		Release|Any CPU = Release|Any CPU
	EndGlobalSection
	GlobalSection(SolutionProperties) = preSolution
		HideSolutionNode = FALSE
	EndGlobalSection
	GlobalSection(ProjectConfigurationPlatforms) = postSolution
		{009E1BE2-848C-4A77-A076-DD60E9ABC76C}.Debug|Any CPU.ActiveCfg = Debug|Any CPU
		{009E1BE2-848C-4A77-A076-DD60E9ABC76C}.Debug|Any CPU.Build.0 = Debug|Any CPU
		{009E1BE2-848C-4A77-A076-DD60E9ABC76C}.Release|Any CPU.ActiveCfg = Release|Any CPU
		{009E1BE2-848C-4A77-A076-DD60E9ABC76C}.Release|Any CPU.Build.0 = Release|Any CPU
		{91987B22-A49F-445D-B7A0-02515E124FB5}.Debug|Any CPU.ActiveCfg = Debug|Any CPU
		{91987B22-A49F-445D-B7A0-02515E124FB5}.Debug|Any CPU.Build.0 = Debug|Any CPU
		{91987B22-A49F-445D-B7A0-02515E124FB5}.Release|Any CPU.ActiveCfg = Release|Any CPU
		{91987B22-A49F-445D-B7A0-02515E124FB5}.Release|Any CPU.Build.0 = Release|Any CPU
	EndGlobalSection
EndGlobal
